{
  "requires": true,
  "lockfileVersion": 1,
  "dependencies": {
    "prop-type": {
      "version": "0.0.1",
      "resolved": "https://registry.npmjs.org/prop-type/-/prop-type-0.0.1.tgz",
      "integrity": "sha1-SiETWcxiL30tHu4U00r7ff5+pk4="
    },
    "react-top-loading-bar": {
      "version": "2.1.0",
      "resolved": "https://registry.npmjs.org/react-top-loading-bar/-/react-top-loading-bar-2.1.0.tgz",
      "integrity": "sha512-07IPCC4fThfkH5PHm7d49s9UAq2rpy4RAyD+5gtwtBbBrwxkvcff7ZlbCgzrBXq8AvcGafDkpjcGdntJ4F0O9A=="
    }
  }
}
